lockfileVersion: '6.0'

settings:
  autoInstallPeers: true
  excludeLinksFromLockfile: false

dependencies:
  '@alicloud/alimt20181012':
    specifier: ^1.3.0
    version: 1.3.0
  '@alicloud/openapi-client':
    specifier: ^0.4.9
    version: 0.4.12
  '@alicloud/tea-util':
    specifier: ^1.4.8
    version: 1.4.9
  '@vitalets/google-translate-api':
    specifier: 9.0.0
    version: 9.0.0
  got:
    specifier: 11.8.5
    version: 11.8.5
  md5:
    specifier: ^2.3.0
    version: 2.3.0
  proxy-agent:
    specifier: ^5.0.0
    version: 5.0.0
  qs:
    specifier: ^6.11.0
    version: 6.13.1

devDependencies:
  '@types/md5':
    specifier: ^2.3.2
    version: 2.3.5
  '@types/qs':
    specifier: ^6.9.7
    version: 6.9.17
  rimraf:
    specifier: ^3.0.2
    version: 3.0.2

packages:

  /@alicloud/alimt20181012@1.3.0:
    resolution: {integrity: sha512-tFkGawORl2hPZ9xQDUtw+B1wEqvGz4CDxXtHe2Y0kA6vCoKs3y/kk/4JfJK0ow/t7T3KA6fG0ovMVnzfg9tDYg==}
    dependencies:
      '@alicloud/endpoint-util': 0.0.1
      '@alicloud/openapi-client': 0.4.12
      '@alicloud/openapi-util': 0.3.2
      '@alicloud/openplatform20191219': 2.0.0
      '@alicloud/oss-client': 1.1.3
      '@alicloud/oss-util': 0.0.1
      '@alicloud/tea-fileform': 1.2.0
      '@alicloud/tea-typescript': 1.8.0
      '@alicloud/tea-util': 1.4.9
    transitivePeerDependencies:
      - supports-color
    dev: false

  /@alicloud/credentials@1.1.0:
    resolution: {integrity: sha512-sCZjWWvOCJW/jkBBas6PJsofF0m3xxU0Yhq45rxs18IiHUsHqGeo1DqG4zkHToAuE689hA/GjFivtO6NOmJWHw==}
    dependencies:
      '@alicloud/sts-sdk': 1.0.2
      httpx: 2.3.3
      ini: 1.3.8
      json-bigint: 0.2.3
      kitx: 1.3.0
    transitivePeerDependencies:
      - supports-color
    dev: false

  /@alicloud/credentials@2.4.0:
    resolution: {integrity: sha512-TeAyiXnqv9ZudpeMMHbGah5Gyey8Rr9i7hydesyT07zYwBAOd+yWfR6dnFH8e3l1LfRbZU/AQ+6j0DsmfIQ+KQ==}
    dependencies:
      '@alicloud/tea-typescript': 1.8.0
      httpx: 2.3.3
      ini: 1.3.8
      kitx: 2.1.0
    transitivePeerDependencies:
      - supports-color
    dev: false

  /@alicloud/endpoint-util@0.0.1:
    resolution: {integrity: sha512-+pH7/KEXup84cHzIL6UJAaPqETvln4yXlD9JzlrqioyCSaWxbug5FUobsiI6fuUOpw5WwoB3fWAtGbFnJ1K3Yg==}
    dependencies:
      '@alicloud/tea-typescript': 1.8.0
      kitx: 2.1.0
    transitivePeerDependencies:
      - supports-color
    dev: false

  /@alicloud/gateway-spi@0.0.8:
    resolution: {integrity: sha512-KM7fu5asjxZPmrz9sJGHJeSU+cNQNOxW+SFmgmAIrITui5hXL2LB+KNRuzWmlwPjnuA2X3/keq9h6++S9jcV5g==}
    dependencies:
      '@alicloud/credentials': 2.4.0
      '@alicloud/tea-typescript': 1.8.0
    transitivePeerDependencies:
      - supports-color
    dev: false

  /@alicloud/http-core-sdk@1.0.0:
    resolution: {integrity: sha512-ZODX85jwCf63Fmzj+pYZq85z8+SZzNg/FL+oW1/L/sRM8oj70+1+pdG0RHynAxBXkjNYt4eLIPrBvIEeVfx+LQ==}
    dependencies:
      httpx: 2.3.3
    transitivePeerDependencies:
      - supports-color
    dev: false

  /@alicloud/openapi-client@0.4.12:
    resolution: {integrity: sha512-WuKfFqwY3/+wuNawzfJAirNA00XDI7fm9fUhWK7siGZEh0R2XJR0Y54MLW7WWItX06fAghUvnDhKWZH3AgN+yg==}
    dependencies:
      '@alicloud/credentials': 2.4.0
      '@alicloud/gateway-spi': 0.0.8
      '@alicloud/openapi-util': 0.3.2
      '@alicloud/tea-typescript': 1.8.0
      '@alicloud/tea-util': 1.4.9
      '@alicloud/tea-xml': 0.0.3
    transitivePeerDependencies:
      - supports-color
    dev: false

  /@alicloud/openapi-util@0.2.9:
    resolution: {integrity: sha512-GUEYtX3lDv+WaZoDFCb0h9aZ8+IlajnSAxSHjiITbNtjCpZbA/vfd7Z/ST9YaPoT34nGqDNKiQTjqpLhaKtYBw==}
    dependencies:
      '@alicloud/tea-typescript': 1.8.0
      '@alicloud/tea-util': 1.4.9
      kitx: 2.1.0
      sm3: 1.0.3
    transitivePeerDependencies:
      - supports-color
    dev: false

  /@alicloud/openapi-util@0.3.2:
    resolution: {integrity: sha512-EC2JvxdcOgMlBAEG0+joOh2IB1um8CPz9EdYuRfTfd1uP8Yc9D8QRUWVGjP6scnj6fWSOaHFlit9H6PrJSyFow==}
    dependencies:
      '@alicloud/tea-typescript': 1.8.0
      '@alicloud/tea-util': 1.4.9
      kitx: 2.1.0
      sm3: 1.0.3
    transitivePeerDependencies:
      - supports-color
    dev: false

  /@alicloud/openplatform20191219@2.0.0:
    resolution: {integrity: sha512-x2o725mfNTML1rCoabrQ/9QIL7lnNGf1QsLV/7AH7IWp3tGLKKOQc7RyXIuU3E699lvF8dNsK3fZL6knjaKenA==}
    dependencies:
      '@alicloud/endpoint-util': 0.0.1
      '@alicloud/openapi-client': 0.4.12
      '@alicloud/openapi-util': 0.2.9
      '@alicloud/tea-typescript': 1.8.0
      '@alicloud/tea-util': 1.4.9
    transitivePeerDependencies:
      - supports-color
    dev: false

  /@alicloud/oss-baseclient@1.2.0:
    resolution: {integrity: sha512-4K5sQTd7rCLfk+DbwIKEbISWKKGlso9bBz1qzZkDBG6OGvLjwh36/2BK2O9omvXMUVzpj7jrJSkFU/oWZY4zEQ==}
    dependencies:
      '@alicloud/credentials': 1.1.0
      '@alicloud/tea-typescript': 1.8.0
      '@types/mime': 2.0.3
      '@types/xml2js': 0.4.14
      int64-buffer: 0.99.1007
      kitx: 2.1.0
      mime: 2.6.0
      xml2js: 0.4.23
    transitivePeerDependencies:
      - supports-color
    dev: false

  /@alicloud/oss-client@1.1.3:
    resolution: {integrity: sha512-PuOcub7mzyzVijnq1dmz9kZj/b2rF/XBI/jnopi4eRFf1qEHY3ArUgE5Jb3UObzshjkooHSwTxtAxjlgC8JVeA==}
    dependencies:
      '@alicloud/credentials': 2.4.0
      '@alicloud/oss-baseclient': 1.2.0
      '@alicloud/oss-util': 0.0.3
      '@alicloud/rpc-util': 0.0.1
      '@alicloud/tea-fileform': 1.2.0
      '@alicloud/tea-typescript': 1.8.0
      '@alicloud/tea-util': 1.4.9
      '@alicloud/tea-xml': 0.0.1
    transitivePeerDependencies:
      - supports-color
    dev: false

  /@alicloud/oss-util@0.0.1:
    resolution: {integrity: sha512-5cfcNVhN7YCvwaI1iAheppMFhIVbeFuJZMgS65mxDA0F9ud6kMCkxiYnlYPvms/lvVEuVkEHbR5939WH8ysz0w==}
    dependencies:
      '@alicloud/tea-typescript': 1.8.0
      '@types/mime': 2.0.3
      '@types/xml2js': 0.4.14
      int64-buffer: 0.99.1007
      kitx: 2.1.0
      mime: 2.6.0
      xml2js: 0.4.23
    transitivePeerDependencies:
      - supports-color
    dev: false

  /@alicloud/oss-util@0.0.3:
    resolution: {integrity: sha512-7gyxvZMDA/DVPcsr61VgCGAVNpsqiSKUE2R+0oONqOZFEP2bqkCbift14qOY+SL9C5+dvmLIXQluCtL00KVSLw==}
    dependencies:
      '@alicloud/tea-typescript': 1.8.0
      '@types/mime': 2.0.3
      '@types/xml2js': 0.4.14
      int64-buffer: 0.99.1007
      kitx: 2.1.0
      mime: 2.6.0
      xml2js: 0.4.23
    transitivePeerDependencies:
      - supports-color
    dev: false

  /@alicloud/rpc-util@0.0.1:
    resolution: {integrity: sha512-YUG6cPs9zq4WQVar0PX+s3ZnrmWf5nm62CzlBX4mlkkaCRyCf/VOGuYIPf+j1w8FvPYNv0zudeDU9tyZ20xWwA==}
    dependencies:
      '@alicloud/tea-typescript': 1.8.0
      '@types/xml2js': 0.4.14
      kitx: 2.1.0
      xml2js: 0.4.23
    transitivePeerDependencies:
      - supports-color
    dev: false

  /@alicloud/sts-sdk@1.0.2:
    resolution: {integrity: sha512-WOv1qkNW7r2S6I0f2Qz8+7D5uU7bgE5vHxDWExcXmomMgr2i8JM6GhJeFPNVOzSWPgQi6Ujc+EATZ6ies9+UMA==}
    dependencies:
      '@alicloud/http-core-sdk': 1.0.0
      uuid: 3.4.0
    transitivePeerDependencies:
      - supports-color
    dev: false

  /@alicloud/tea-fileform@1.2.0:
    resolution: {integrity: sha512-+uKR4BsJssR254Isaqc/6Dc2iDC6AylBtrkf05yxqBd95cP1OfvzzRgdJ9MfipLWJkUtzVaVdnnbZwzGuLJVxQ==}
    dependencies:
      '@alicloud/tea-typescript': 1.8.0
    transitivePeerDependencies:
      - supports-color
    dev: false

  /@alicloud/tea-typescript@1.8.0:
    resolution: {integrity: sha512-CWXWaquauJf0sW30mgJRVu9aaXyBth5uMBCUc+5vKTK1zlgf3hIqRUjJZbjlwHwQ5y9anwcu18r48nOZb7l2QQ==}
    dependencies:
      '@types/node': 12.20.55
      httpx: 2.3.3
    transitivePeerDependencies:
      - supports-color
    dev: false

  /@alicloud/tea-util@1.4.9:
    resolution: {integrity: sha512-S0wz76rGtoPKskQtRTGqeuqBHFj8BqUn0Vh+glXKun2/9UpaaaWmuJwcmtImk6bJZfLYEShDF/kxDmDJoNYiTw==}
    dependencies:
      '@alicloud/tea-typescript': 1.8.0
      kitx: 2.1.0
    transitivePeerDependencies:
      - supports-color
    dev: false

  /@alicloud/tea-xml@0.0.1:
    resolution: {integrity: sha512-jFlmRj4XXPbCB4IKlK2bGl67lqQ1civ3cEfCZ0WZdFBsd5SR8IP87J4PSaoVic55DVqOpUJfEC7r33sA24KCuw==}
    dependencies:
      '@alicloud/tea-typescript': 1.8.0
      '@types/xml2js': 0.4.14
      xml2js: 0.4.23
    transitivePeerDependencies:
      - supports-color
    dev: false

  /@alicloud/tea-xml@0.0.3:
    resolution: {integrity: sha512-+/9GliugjrLglsXVrd1D80EqqKgGpyA0eQ6+1ZdUOYCaRguaSwz44trX3PaxPu/HhIPJg9PsGQQ3cSLXWZjbAA==}
    dependencies:
      '@alicloud/tea-typescript': 1.8.0
      '@types/xml2js': 0.4.14
      xml2js: 0.6.2
    transitivePeerDependencies:
      - supports-color
    dev: false

  /@sindresorhus/is@4.6.0:
    resolution: {integrity: sha512-t09vSN3MdfsyCHoFcTRCH/iUtG7OJ0CsjzB8cjAmKc/va/kIgeDI/TxsigdncE/4be734m0cvIYwNaV4i2XqAw==}
    engines: {node: '>=10'}
    dev: false

  /@szmarczak/http-timer@4.0.6:
    resolution: {integrity: sha512-4BAffykYOgO+5nzBWYwE3W90sBgLJoUPRWWcL8wlyiM8IB8ipJz3UMJ9KXQd1RKQXpKp8Tutn80HZtWsu2u76w==}
    engines: {node: '>=10'}
    dependencies:
      defer-to-connect: 2.0.1
    dev: false

  /@tootallnate/once@1.1.2:
    resolution: {integrity: sha512-RbzJvlNzmRq5c3O09UipeuXno4tA1FE6ikOjxZK0tuxVv3412l64l5t1W5pj4+rJq9vpkm/kwiR07aZXnsKPxw==}
    engines: {node: '>= 6'}
    dev: false

  /@types/cacheable-request@6.0.3:
    resolution: {integrity: sha512-IQ3EbTzGxIigb1I3qPZc1rWJnH0BmSKv5QYTalEwweFvyBDLSAe24zP0le/hyi7ecGfZVlIVAg4BZqb8WBwKqw==}
    dependencies:
      '@types/http-cache-semantics': 4.0.4
      '@types/keyv': 3.1.4
      '@types/node': 22.10.1
      '@types/responselike': 1.0.3
    dev: false

  /@types/http-cache-semantics@4.0.4:
    resolution: {integrity: sha512-1m0bIFVc7eJWyve9S0RnuRgcQqF/Xd5QsUZAZeQFr1Q3/p9JWoQQEqmVy+DPTNpGXwhgIetAoYF8JSc33q29QA==}
    dev: false

  /@types/http-errors@1.8.2:
    resolution: {integrity: sha512-EqX+YQxINb+MeXaIqYDASb6U6FCHbWjkj4a1CKDBks3d/QiB2+PqBLyO72vLDgAO1wUI4O+9gweRcQK11bTL/w==}
    dev: false

  /@types/keyv@3.1.4:
    resolution: {integrity: sha512-BQ5aZNSCpj7D6K2ksrRCTmKRLEpnPvWDiLPfoGyhZ++8YtiK9d/3DBKPJgry359X/P1PfruyYwvnvwFjuEiEIg==}
    dependencies:
      '@types/node': 22.10.1
    dev: false

  /@types/md5@2.3.5:
    resolution: {integrity: sha512-/i42wjYNgE6wf0j2bcTX6kuowmdL/6PE4IVitMpm2eYKBUuYCprdcWVK+xEF0gcV6ufMCRhtxmReGfc6hIK7Jw==}
    dev: true

  /@types/mime@2.0.3:
    resolution: {integrity: sha512-Jus9s4CDbqwocc5pOAnh8ShfrnMcPHuJYzVcSUU7lrh8Ni5HuIqX3oilL86p3dlTrk0LzHRCgA/GQ7uNCw6l2Q==}
    dev: false

  /@types/node@12.20.55:
    resolution: {integrity: sha512-J8xLz7q2OFulZ2cyGTLE1TbbZcjpno7FaN6zdJNrgAdrJ+DZzh/uFR6YrTb4C+nXakvud8Q4+rbhoIWlYQbUFQ==}
    dev: false

  /@types/node@20.17.9:
    resolution: {integrity: sha512-0JOXkRyLanfGPE2QRCwgxhzlBAvaRdCNMcvbd7jFfpmD4eEXll7LRwy5ymJmyeZqk7Nh7eD2LeUyQ68BbndmXw==}
    dependencies:
      undici-types: 6.19.8
    dev: false

  /@types/node@22.10.1:
    resolution: {integrity: sha512-qKgsUwfHZV2WCWLAnVP1JqnpE6Im6h3Y0+fYgMTasNQ7V++CBX5OT1as0g0f+OyubbFqhf6XVNIsmN4IIhEgGQ==}
    dependencies:
      undici-types: 6.20.0
    dev: false

  /@types/qs@6.9.17:
    resolution: {integrity: sha512-rX4/bPcfmvxHDv0XjfJELTTr+iB+tn032nPILqHm5wbthUUUuVtNGGqzhya9XUxjTP8Fpr0qYgSZZKxGY++svQ==}
    dev: true

  /@types/responselike@1.0.3:
    resolution: {integrity: sha512-H/+L+UkTV33uf49PH5pCAUBVPNj2nDBXTN+qS1dOwyyg24l3CcicicCA7ca+HMvJBZcFgl5r8e+RR6elsb4Lyw==}
    dependencies:
      '@types/node': 22.10.1
    dev: false

  /@types/xml2js@0.4.14:
    resolution: {integrity: sha512-4YnrRemBShWRO2QjvUin8ESA41rH+9nQGLUGZV/1IDhi3SL9OhdpNC/MrulTWuptXKwhx/aDxE7toV0f/ypIXQ==}
    dependencies:
      '@types/node': 22.10.1
    dev: false

  /@vitalets/google-translate-api@9.0.0:
    resolution: {integrity: sha512-RtnhYQk9Wb1+2jOcaOcZS8e1VPYA5hRlTjNLuAwQn9bP4j1kZwjzvEJHld4M5NBoWwfY9Cv1tP3KtUMHIzCsNw==}
    dependencies:
      '@types/http-errors': 1.8.2
      http-errors: 2.0.0
      node-fetch: 2.7.0
    transitivePeerDependencies:
      - encoding
    dev: false

  /acorn-walk@8.3.4:
    resolution: {integrity: sha512-ueEepnujpqee2o5aIYnvHU6C0A42MNdsIDeqy5BydrkuC5R1ZuUFnm27EeFJGoEHJQgn3uleRvmTXaJgfXbt4g==}
    engines: {node: '>=0.4.0'}
    dependencies:
      acorn: 8.14.0
    dev: false

  /acorn@8.14.0:
    resolution: {integrity: sha512-cl669nCJTZBsL97OF4kUQm5g5hC2uihk0NxY3WENAC0TYdILVkAyHymAntgxGkl7K+t0cXIrH5siy5S4XkFycA==}
    engines: {node: '>=0.4.0'}
    hasBin: true
    dev: false

  /agent-base@6.0.2:
    resolution: {integrity: sha512-RZNwNclF7+MS/8bDg70amg32dyeZGZxiDuQmZxKLAlQjr3jGyLx+4Kkk58UO7D2QdgFIQCovuSuZESne6RG6XQ==}
    engines: {node: '>= 6.0.0'}
    dependencies:
      debug: 4.4.0
    transitivePeerDependencies:
      - supports-color
    dev: false

  /ast-types@0.13.4:
    resolution: {integrity: sha512-x1FCFnFifvYDDzTaLII71vG5uvDwgtmDTEVWAxrgeiR8VjMONcCXJx7E+USjDtHlwFmt9MysbqgF9b9Vjr6w+w==}
    engines: {node: '>=4'}
    dependencies:
      tslib: 2.8.1
    dev: false

  /balanced-match@1.0.2:
    resolution: {integrity: sha512-3oSeUO0TMV67hN1AmbXsK4yaqU7tjiHlbxRDZOpH0KW9+CeX4bRAaX0Anxt0tx2MrpRpWwQaPwIlISEJhYU5Pw==}
    dev: true

  /bignumber.js@4.1.0:
    resolution: {integrity: sha512-eJzYkFYy9L4JzXsbymsFn3p54D+llV27oTQ+ziJG7WFRheJcNZilgVXMG0LoZtlQSKBsJdWtLFqOD0u+U0jZKA==}
    dev: false

  /brace-expansion@1.1.11:
    resolution: {integrity: sha512-iCuPHDFgrHX7H2vEI/5xpz07zSHB00TpugqhmYtVmMO6518mCuRMoOYFldEBl0g187ufozdaHgWKcYFb61qGiA==}
    dependencies:
      balanced-match: 1.0.2
      concat-map: 0.0.1
    dev: true

  /bytes@3.1.2:
    resolution: {integrity: sha512-/Nf7TyzTx6S3yRJObOAV7956r8cr2+Oj8AC5dt8wSP3BQAoeX58NoHyCU8P8zGkNXStjTSi6fzO6F0pBdcYbEg==}
    engines: {node: '>= 0.8'}
    dev: false

  /cacheable-lookup@5.0.4:
    resolution: {integrity: sha512-2/kNscPhpcxrOigMZzbiWF7dz8ilhb/nIHU3EyZiXWXpeq/au8qJ8VhdftMkty3n7Gj6HIGalQG8oiBNB3AJgA==}
    engines: {node: '>=10.6.0'}
    dev: false

  /cacheable-request@7.0.4:
    resolution: {integrity: sha512-v+p6ongsrp0yTGbJXjgxPow2+DL93DASP4kXCDKb8/bwRtt9OEF3whggkkDkGNzgcWy2XaF4a8nZglC7uElscg==}
    engines: {node: '>=8'}
    dependencies:
      clone-response: 1.0.3
      get-stream: 5.2.0
      http-cache-semantics: 4.1.1
      keyv: 4.5.4
      lowercase-keys: 2.0.0
      normalize-url: 6.1.0
      responselike: 2.0.1
    dev: false

  /call-bind-apply-helpers@1.0.1:
    resolution: {integrity: sha512-BhYE+WDaywFg2TBWYNXAE+8B1ATnThNBqXHP5nQu0jWJdVvY2hvkpyB3qOmtmDePiS5/BDQ8wASEWGMWRG148g==}
    engines: {node: '>= 0.4'}
    dependencies:
      es-errors: 1.3.0
      function-bind: 1.1.2
    dev: false

  /call-bind@1.0.8:
    resolution: {integrity: sha512-oKlSFMcMwpUg2ednkhQ454wfWiU/ul3CkJe/PEHcTKuiX6RpbehUiFMXu13HalGZxfUwCQzZG747YXBn1im9ww==}
    engines: {node: '>= 0.4'}
    dependencies:
      call-bind-apply-helpers: 1.0.1
      es-define-property: 1.0.1
      get-intrinsic: 1.2.5
      set-function-length: 1.2.2
    dev: false

  /charenc@0.0.2:
    resolution: {integrity: sha512-yrLQ/yVUFXkzg7EDQsPieE/53+0RlaWTs+wBrvW36cyilJ2SaDWfl4Yj7MtLTXleV9uEKefbAGUPv2/iWSooRA==}
    dev: false

  /clone-response@1.0.3:
    resolution: {integrity: sha512-ROoL94jJH2dUVML2Y/5PEDNaSHgeOdSDicUyS7izcF63G6sTc/FTjLub4b8Il9S8S0beOfYt0TaA5qvFK+w0wA==}
    dependencies:
      mimic-response: 1.0.1
    dev: false

  /concat-map@0.0.1:
    resolution: {integrity: sha512-/Srv4dswyQNBfohGpz9o6Yb3Gz3SrUDqBH5rTuhGR7ahtlbYKnVxw2bCFMRljaA7EXHaXZ8wsHdodFvbkhKmqg==}
    dev: true

  /core-util-is@1.0.3:
    resolution: {integrity: sha512-ZQBvi1DcpJ4GDqanjucZ2Hj3wEO5pZDS89BWbkcrvdxksJorwUDDZamX9ldFkp9aw2lmBDLgkObEA4DWNJ9FYQ==}
    dev: false

  /crypt@0.0.2:
    resolution: {integrity: sha512-mCxBlsHFYh9C+HVpiEacem8FEBnMXgU9gy4zmNC+SXAZNB/1idgp/aulFJ4FgCi7GPEVbfyng092GqL2k2rmow==}
    dev: false

  /data-uri-to-buffer@3.0.1:
    resolution: {integrity: sha512-WboRycPNsVw3B3TL559F7kuBUM4d8CgMEvk6xEJlOp7OBPjt6G7z8WMWlD2rOFZLk6OYfFIUGsCOWzcQH9K2og==}
    engines: {node: '>= 6'}
    dev: false

  /debug@4.4.0:
    resolution: {integrity: sha512-6WTZ/IxCY/T6BALoZHaE4ctp9xm+Z5kY/pzYaCHRFeyVhojxlrm+46y68HA6hr0TcwEssoxNiDEUJQjfPZ/RYA==}
    engines: {node: '>=6.0'}
    peerDependencies:
      supports-color: '*'
    peerDependenciesMeta:
      supports-color:
        optional: true
    dependencies:
      ms: 2.1.3
    dev: false

  /decompress-response@6.0.0:
    resolution: {integrity: sha512-aW35yZM6Bb/4oJlZncMH2LCoZtJXTRxES17vE3hoRiowU2kWHaJKFkSBDnDR+cm9J+9QhXmREyIfv0pji9ejCQ==}
    engines: {node: '>=10'}
    dependencies:
      mimic-response: 3.1.0
    dev: false

  /deep-is@0.1.4:
    resolution: {integrity: sha512-oIPzksmTg4/MriiaYGO+okXDT7ztn/w3Eptv/+gSIdMdKsJo0u4CfYNFJPy+4SKMuCqGw2wxnA+URMg3t8a/bQ==}
    dev: false

  /defer-to-connect@2.0.1:
    resolution: {integrity: sha512-4tvttepXG1VaYGrRibk5EwJd1t4udunSOVMdLSAL6mId1ix438oPwPZMALY41FCijukO1L0twNcGsdzS7dHgDg==}
    engines: {node: '>=10'}
    dev: false

  /define-data-property@1.1.4:
    resolution: {integrity: sha512-rBMvIzlpA8v6E+SJZoo++HAYqsLrkg7MSfIinMPFhmkorw7X+dOXVJQs+QT69zGkzMyfDnIMN2Wid1+NbL3T+A==}
    engines: {node: '>= 0.4'}
    dependencies:
      es-define-property: 1.0.1
      es-errors: 1.3.0
      gopd: 1.2.0
    dev: false

  /degenerator@3.0.4:
    resolution: {integrity: sha512-Z66uPeBfHZAHVmue3HPfyKu2Q0rC2cRxbTOsvmU/po5fvvcx27W4mIu9n0PUlQih4oUYvcG1BsbtVv8x7KDOSw==}
    engines: {node: '>= 6'}
    dependencies:
      ast-types: 0.13.4
      escodegen: 1.14.3
      esprima: 4.0.1
      vm2: 3.9.19
    dev: false

  /depd@2.0.0:
    resolution: {integrity: sha512-g7nH6P6dyDioJogAAGprGpCtVImJhpPk/roCzdb3fIh61/s/nPsfR6onyMwkCAR/OlC3yBC0lESvUoQEAssIrw==}
    engines: {node: '>= 0.8'}
    dev: false

  /dunder-proto@1.0.0:
    resolution: {integrity: sha512-9+Sj30DIu+4KvHqMfLUGLFYL2PkURSYMVXJyXe92nFRvlYq5hBjLEhblKB+vkd/WVlUYMWigiY07T91Fkk0+4A==}
    engines: {node: '>= 0.4'}
    dependencies:
      call-bind-apply-helpers: 1.0.1
      es-errors: 1.3.0
      gopd: 1.2.0
    dev: false

  /end-of-stream@1.4.4:
    resolution: {integrity: sha512-+uw1inIHVPQoaVuHzRyXd21icM+cnt4CzD5rW+NC1wjOUSTOs+Te7FOv7AhN7vS9x/oIyhLP5PR1H+phQAHu5Q==}
    dependencies:
      once: 1.4.0
    dev: false

  /es-define-property@1.0.1:
    resolution: {integrity: sha512-e3nRfgfUZ4rNGL232gUgX06QNyyez04KdjFrF+LTRoOXmrOgFKDg4BCdsjW8EnT69eqdYGmRpJwiPVYNrCaW3g==}
    engines: {node: '>= 0.4'}
    dev: false

  /es-errors@1.3.0:
    resolution: {integrity: sha512-Zf5H2Kxt2xjTvbJvP2ZWLEICxA6j+hAmMzIlypy4xcBg1vKVnx89Wy0GbS+kf5cwCVFFzdCFh2XSCFNULS6csw==}
    engines: {node: '>= 0.4'}
    dev: false

  /escodegen@1.14.3:
    resolution: {integrity: sha512-qFcX0XJkdg+PB3xjZZG/wKSuT1PnQWx57+TVSjIMmILd2yC/6ByYElPwJnslDsuWuSAp4AwJGumarAAmJch5Kw==}
    engines: {node: '>=4.0'}
    hasBin: true
    dependencies:
      esprima: 4.0.1
      estraverse: 4.3.0
      esutils: 2.0.3
      optionator: 0.8.3
    optionalDependencies:
      source-map: 0.6.1
    dev: false

  /esprima@4.0.1:
    resolution: {integrity: sha512-eGuFFw7Upda+g4p+QHvnW0RyTX/SVeJBDM/gCtMARO0cLuT2HcEKnTPvhjV6aGeqrCB/sbNop0Kszm0jsaWU4A==}
    engines: {node: '>=4'}
    hasBin: true
    dev: false

  /estraverse@4.3.0:
    resolution: {integrity: sha512-39nnKffWz8xN1BU/2c79n9nB9HDzo0niYUqx6xyqUnyoAnQyyWpOTdZEeiCch8BBu515t4wp9ZmgVfVhn9EBpw==}
    engines: {node: '>=4.0'}
    dev: false

  /esutils@2.0.3:
    resolution: {integrity: sha512-kVscqXk4OCp68SZ0dkgEKVi6/8ij300KBWTJq32P/dYeWTSwK41WyTxalN1eRmA5Z9UU/LX9D7FWSmV9SAYx6g==}
    engines: {node: '>=0.10.0'}
    dev: false

  /fast-levenshtein@2.0.6:
    resolution: {integrity: sha512-DCXu6Ifhqcks7TZKY3Hxp3y6qphY5SJZmrWMDrKcERSOXWQdMhU9Ig/PYrzyw/ul9jOIyh0N4M0tbC5hodg8dw==}
    dev: false

  /file-uri-to-path@2.0.0:
    resolution: {integrity: sha512-hjPFI8oE/2iQPVe4gbrJ73Pp+Xfub2+WI2LlXDbsaJBwT5wuMh35WNWVYYTpnz895shtwfyutMFLFywpQAFdLg==}
    engines: {node: '>= 6'}
    dev: false

  /fs-extra@8.1.0:
    resolution: {integrity: sha512-yhlQgA6mnOJUKOsRUFsgJdQCvkKhcz8tlZG5HBQfReYZy46OwLcY+Zia0mtdHsOo9y/hP+CxMN0TU9QxoOtG4g==}
    engines: {node: '>=6 <7 || >=8'}
    dependencies:
      graceful-fs: 4.2.11
      jsonfile: 4.0.0
      universalify: 0.1.2
    dev: false

  /fs.realpath@1.0.0:
    resolution: {integrity: sha512-OO0pH2lK6a0hZnAdau5ItzHPI6pUlvI7jMVnxUQRtw4owF2wk8lOSabtGDCTP4Ggrg2MbGnWO9X8K1t4+fGMDw==}
    dev: true

  /ftp@0.3.10:
    resolution: {integrity: sha512-faFVML1aBx2UoDStmLwv2Wptt4vw5x03xxX172nhA5Y5HBshW5JweqQ2W4xL4dezQTG8inJsuYcpPHHU3X5OTQ==}
    engines: {node: '>=0.8.0'}
    dependencies:
      readable-stream: 1.1.14
      xregexp: 2.0.0
    dev: false

  /function-bind@1.1.2:
    resolution: {integrity: sha512-7XHNxH7qX9xG5mIwxkhumTox/MIRNcOgDrxWsMt2pAr23WHp6MrRlN7FBSFpCpr+oVO0F744iUgR82nJMfG2SA==}
    dev: false

  /get-intrinsic@1.2.5:
    resolution: {integrity: sha512-Y4+pKa7XeRUPWFNvOOYHkRYrfzW07oraURSvjDmRVOJ748OrVmeXtpE4+GCEHncjCjkTxPNRt8kEbxDhsn6VTg==}
    engines: {node: '>= 0.4'}
    dependencies:
      call-bind-apply-helpers: 1.0.1
      dunder-proto: 1.0.0
      es-define-property: 1.0.1
      es-errors: 1.3.0
      function-bind: 1.1.2
      gopd: 1.2.0
      has-symbols: 1.1.0
      hasown: 2.0.2
    dev: false

  /get-stream@5.2.0:
    resolution: {integrity: sha512-nBF+F1rAZVCu/p7rjzgA+Yb4lfYXrpl7a6VmJrU8wF9I1CKvP/QwPNZHnOlwbTkY6dvtFIzFMSyQXbLoTQPRpA==}
    engines: {node: '>=8'}
    dependencies:
      pump: 3.0.2
    dev: false

  /get-uri@3.0.2:
    resolution: {integrity: sha512-+5s0SJbGoyiJTZZ2JTpFPLMPSch72KEqGOTvQsBqg0RBWvwhWUSYZFAtz3TPW0GXJuLBJPts1E241iHg+VRfhg==}
    engines: {node: '>= 6'}
    dependencies:
      '@tootallnate/once': 1.1.2
      data-uri-to-buffer: 3.0.1
      debug: 4.4.0
      file-uri-to-path: 2.0.0
      fs-extra: 8.1.0
      ftp: 0.3.10
    transitivePeerDependencies:
      - supports-color
    dev: false

  /glob@7.2.3:
    resolution: {integrity: sha512-nFR0zLpU2YCaRxwoCJvL6UvCH2JFyFVIvwTLsIf21AuHlMskA1hhTdk+LlYJtOlYt9v6dvszD2BGRqBL+iQK9Q==}
    deprecated: Glob versions prior to v9 are no longer supported
    dependencies:
      fs.realpath: 1.0.0
      inflight: 1.0.6
      inherits: 2.0.4
      minimatch: 3.1.2
      once: 1.4.0
      path-is-absolute: 1.0.1
    dev: true

  /gopd@1.2.0:
    resolution: {integrity: sha512-ZUKRh6/kUFoAiTAtTYPZJ3hw9wNxx+BIBOijnlG9PnrJsCcSjs1wyyD6vJpaYtgnzDrKYRSqf3OO6Rfa93xsRg==}
    engines: {node: '>= 0.4'}
    dev: false

  /got@11.8.5:
    resolution: {integrity: sha512-o0Je4NvQObAuZPHLFoRSkdG2lTgtcynqymzg2Vupdx6PorhaT5MCbIyXG6d4D94kk8ZG57QeosgdiqfJWhEhlQ==}
    engines: {node: '>=10.19.0'}
    dependencies:
      '@sindresorhus/is': 4.6.0
      '@szmarczak/http-timer': 4.0.6
      '@types/cacheable-request': 6.0.3
      '@types/responselike': 1.0.3
      cacheable-lookup: 5.0.4
      cacheable-request: 7.0.4
      decompress-response: 6.0.0
      http2-wrapper: 1.0.3
      lowercase-keys: 2.0.0
      p-cancelable: 2.1.1
      responselike: 2.0.1
    dev: false

  /graceful-fs@4.2.11:
    resolution: {integrity: sha512-RbJ5/jmFcNNCcDV5o9eTnBLJ/HszWV0P73bc+Ff4nS/rJj+YaS6IGyiOL0VoBYX+l1Wrl3k63h/KrH+nhJ0XvQ==}
    dev: false

  /has-property-descriptors@1.0.2:
    resolution: {integrity: sha512-55JNKuIW+vq4Ke1BjOTjM2YctQIvCT7GFzHwmfZPGo5wnrgkid0YQtnAleFSqumZm4az3n2BS+erby5ipJdgrg==}
    dependencies:
      es-define-property: 1.0.1
    dev: false

  /has-symbols@1.1.0:
    resolution: {integrity: sha512-1cDNdwJ2Jaohmb3sg4OmKaMBwuC48sYni5HUw2DvsC8LjGTLK9h+eb1X6RyuOHe4hT0ULCW68iomhjUoKUqlPQ==}
    engines: {node: '>= 0.4'}
    dev: false

  /hasown@2.0.2:
    resolution: {integrity: sha512-0hJU9SCPvmMzIBdZFqNPXWa6dqh7WdH0cII9y+CyS8rG3nL48Bclra9HmKhVVUHyPWNH5Y7xDwAB7bfgSjkUMQ==}
    engines: {node: '>= 0.4'}
    dependencies:
      function-bind: 1.1.2
    dev: false

  /http-cache-semantics@4.1.1:
    resolution: {integrity: sha512-er295DKPVsV82j5kw1Gjt+ADA/XYHsajl82cGNQG2eyoPkvgUhX+nDIyelzhIWbbsXP39EHcI6l5tYs2FYqYXQ==}
    dev: false

  /http-errors@2.0.0:
    resolution: {integrity: sha512-FtwrG/euBzaEjYeRqOgly7G0qviiXoJWnvEH2Z1plBdXgbyjv34pHTSb9zoeHMyDy33+DWy5Wt9Wo+TURtOYSQ==}
    engines: {node: '>= 0.8'}
    dependencies:
      depd: 2.0.0
      inherits: 2.0.4
      setprototypeof: 1.2.0
      statuses: 2.0.1
      toidentifier: 1.0.1
    dev: false

  /http-proxy-agent@4.0.1:
    resolution: {integrity: sha512-k0zdNgqWTGA6aeIRVpvfVob4fL52dTfaehylg0Y4UvSySvOq/Y+BOyPrgpUrA7HylqvU8vIZGsRuXmspskV0Tg==}
    engines: {node: '>= 6'}
    dependencies:
      '@tootallnate/once': 1.1.2
      agent-base: 6.0.2
      debug: 4.4.0
    transitivePeerDependencies:
      - supports-color
    dev: false

  /http2-wrapper@1.0.3:
    resolution: {integrity: sha512-V+23sDMr12Wnz7iTcDeJr3O6AIxlnvT/bmaAAAP/Xda35C90p9599p0F1eHR/N1KILWSoWVAiOMFjBBXaXSMxg==}
    engines: {node: '>=10.19.0'}
    dependencies:
      quick-lru: 5.1.1
      resolve-alpn: 1.2.1
    dev: false

  /https-proxy-agent@5.0.1:
    resolution: {integrity: sha512-dFcAjpTQFgoLMzC2VwU+C/CbS7uRL0lWmxDITmqm7C+7F0Odmj6s9l6alZc6AELXhrnggM2CeWSXHGOdX2YtwA==}
    engines: {node: '>= 6'}
    dependencies:
      agent-base: 6.0.2
      debug: 4.4.0
    transitivePeerDependencies:
      - supports-color
    dev: false

  /httpx@2.3.3:
    resolution: {integrity: sha512-k1qv94u1b6e+XKCxVbLgYlOypVP9MPGpnN5G/vxFf6tDO4V3xpz3d6FUOY/s8NtPgaq5RBVVgSB+7IHpVxMYzw==}
    dependencies:
      '@types/node': 20.17.9
      debug: 4.4.0
    transitivePeerDependencies:
      - supports-color
    dev: false

  /iconv-lite@0.4.24:
    resolution: {integrity: sha512-v3MXnZAcvnywkTUEZomIActle7RXXeedOR31wwl7VlyoXO4Qi9arvSenNQWne1TcRwhCL1HwLI21bEqdpj8/rA==}
    engines: {node: '>=0.10.0'}
    dependencies:
      safer-buffer: 2.1.2
    dev: false

  /inflight@1.0.6:
    resolution: {integrity: sha512-k92I/b08q4wvFscXCLvqfsHCrjrF7yiXsQuIVvVE7N82W3+aqpzuUdBbfhWcy/FZR3/4IgflMgKLOsvPDrGCJA==}
    deprecated: This module is not supported, and leaks memory. Do not use it. Check out lru-cache if you want a good and tested way to coalesce async requests by a key value, which is much more comprehensive and powerful.
    dependencies:
      once: 1.4.0
      wrappy: 1.0.2
    dev: true

  /inherits@2.0.4:
    resolution: {integrity: sha512-k/vGaX4/Yla3WzyMCvTQOXYeIHvqOKtnqBduzTHpzpQZzAskKMhZ2K+EnBiSM9zGSoIFeMpXKxa4dYeZIQqewQ==}

  /ini@1.3.8:
    resolution: {integrity: sha512-JV/yugV2uzW5iMRSiZAyDtQd+nxtUnjeLt0acNdw98kKLrvuRVyB80tsREOE7yvGVgalhZ6RNXCmEHkUKBKxew==}
    dev: false

  /int64-buffer@0.99.1007:
    resolution: {integrity: sha512-XDBEu44oSTqlvCSiOZ/0FoUkpWu/vwjJLGSKDabNISPQNZ5wub1FodGHBljRsrR0IXRPq7SslshZYMuA55CgTQ==}
    engines: {node: '>= 4.5.0'}
    dev: false

  /ip-address@9.0.5:
    resolution: {integrity: sha512-zHtQzGojZXTwZTHQqra+ETKd4Sn3vgi7uBmlPoXVWZqYvuKmtI0l/VZTjqGmJY9x88GGOaZ9+G9ES8hC4T4X8g==}
    engines: {node: '>= 12'}
    dependencies:
      jsbn: 1.1.0
      sprintf-js: 1.1.3
    dev: false

  /ip@1.1.9:
    resolution: {integrity: sha512-cyRxvOEpNHNtchU3Ln9KC/auJgup87llfQpQ+t5ghoC/UhL16SWzbueiCsdTnWmqAWl7LadfuwhlqmtOaqMHdQ==}
    dev: false

  /is-buffer@1.1.6:
    resolution: {integrity: sha512-NcdALwpXkTm5Zvvbk7owOUSvVvBKDgKP5/ewfXEznmQFfs4ZRmanOeKBTjRVjka3QFoN6XJ+9F3USqfHqTaU5w==}
    dev: false

  /isarray@0.0.1:
    resolution: {integrity: sha512-D2S+3GLxWH+uhrNEcoh/fnmYeP8E8/zHl644d/jdA0g2uyXvy3sb0qxotE+ne0LtccHknQzWwZEzhak7oJ0COQ==}
    dev: false

  /jsbn@1.1.0:
    resolution: {integrity: sha512-4bYVV3aAMtDTTu4+xsDYa6sy9GyJ69/amsu9sYF2zqjiEoZA5xJi3BrfX3uY+/IekIu7MwdObdbDWpoZdBv3/A==}
    dev: false

  /json-bigint@0.2.3:
    resolution: {integrity: sha512-pG8elXWCTAIwH1W8FwjDbj2FBJSi2WE5PdV0dm+c+7LAmH6XL6fwDsdQGgAgOZljcF3Kj9Uzop2TfGfPDSOUqA==}
    dependencies:
      bignumber.js: 4.1.0
    dev: false

  /json-buffer@3.0.1:
    resolution: {integrity: sha512-4bV5BfR2mqfQTJm+V5tPPdf+ZpuhiIvTuAB5g8kcrXOZpTT/QwwVRWBywX1ozr6lEuPdbHxwaJlm9G6mI2sfSQ==}
    dev: false

  /jsonfile@4.0.0:
    resolution: {integrity: sha512-m6F1R3z8jjlf2imQHS2Qez5sjKWQzbuuhuJ/FKYFRZvPE3PuHcSMVZzfsLhGVOkfd20obL5SWEBew5ShlquNxg==}
    optionalDependencies:
      graceful-fs: 4.2.11
    dev: false

  /keyv@4.5.4:
    resolution: {integrity: sha512-oxVHkHR/EJf2CNXnWxRLW6mg7JyCCUcG0DtEGmL2ctUo1PNTin1PUil+r/+4r5MpVgC/fn1kjsx7mjSujKqIpw==}
    dependencies:
      json-buffer: 3.0.1
    dev: false

  /kitx@1.3.0:
    resolution: {integrity: sha512-fhBqFlXd0GkKTB+8ayLfpzPUw+LHxZlPAukPNBD1Om7JMeInT+/PxCAf1yLagvD+VKoyWhXtJR68xQkX/a0wOQ==}
    dev: false

  /kitx@2.1.0:
    resolution: {integrity: sha512-C/5v9MtIX7aHGOjwn5BmrrbNkJSf7i0R5mRzmh13GSAdRqQ7bYQo/Su2pTYNylFicqKNTVX3HML9k1u8k51+pQ==}
    dependencies:
      '@types/node': 12.20.55
    dev: false

  /levn@0.3.0:
    resolution: {integrity: sha512-0OO4y2iOHix2W6ujICbKIaEQXvFQHue65vUG3pb5EUomzPI90z9hsA1VsO/dbIIpC53J8gxM9Q4Oho0jrCM/yA==}
    engines: {node: '>= 0.8.0'}
    dependencies:
      prelude-ls: 1.1.2
      type-check: 0.3.2
    dev: false

  /lowercase-keys@2.0.0:
    resolution: {integrity: sha512-tqNXrS78oMOE73NMxK4EMLQsQowWf8jKooH9g7xPavRT706R6bkQJ6DY2Te7QukaZsulxa30wQ7bk0pm4XiHmA==}
    engines: {node: '>=8'}
    dev: false

  /lru-cache@5.1.1:
    resolution: {integrity: sha512-KpNARQA3Iwv+jTA0utUVVbrh+Jlrr1Fv0e56GGzAFOXN7dk/FviaDW8LHmK52DlcH4WP2n6gI8vN1aesBFgo9w==}
    dependencies:
      yallist: 3.1.1
    dev: false

  /md5@2.3.0:
    resolution: {integrity: sha512-T1GITYmFaKuO91vxyoQMFETst+O71VUPEU3ze5GNzDm0OWdP8v1ziTaAEPUr/3kLsY3Sftgz242A1SetQiDL7g==}
    dependencies:
      charenc: 0.0.2
      crypt: 0.0.2
      is-buffer: 1.1.6
    dev: false

  /mime@2.6.0:
    resolution: {integrity: sha512-USPkMeET31rOMiarsBNIHZKLGgvKc/LrjofAnBlOttf5ajRvqiRA8QsenbcooctK6d6Ts6aqZXBA+XbkKthiQg==}
    engines: {node: '>=4.0.0'}
    hasBin: true
    dev: false

  /mimic-response@1.0.1:
    resolution: {integrity: sha512-j5EctnkH7amfV/q5Hgmoal1g2QHFJRraOtmx0JpIqkxhBhI/lJSl1nMpQ45hVarwNETOoWEimndZ4QK0RHxuxQ==}
    engines: {node: '>=4'}
    dev: false

  /mimic-response@3.1.0:
    resolution: {integrity: sha512-z0yWI+4FDrrweS8Zmt4Ej5HdJmky15+L2e6Wgn3+iK5fWzb6T3fhNFq2+MeTRb064c6Wr4N/wv0DzQTjNzHNGQ==}
    engines: {node: '>=10'}
    dev: false

  /minimatch@3.1.2:
    resolution: {integrity: sha512-J7p63hRiAjw1NDEww1W7i37+ByIrOWO5XQQAzZ3VOcL0PNybwpfmV/N05zFAzwQ9USyEcX6t3UO+K5aqBQOIHw==}
    dependencies:
      brace-expansion: 1.1.11
    dev: true

  /ms@2.1.3:
    resolution: {integrity: sha512-6FlzubTLZG3J2a/NVCAleEhjzq5oxgHyaCU9yYXvcLsvoVaHJq/s5xXI6/XXP6tz7R9xAOtHnSO/tXtF3WRTlA==}
    dev: false

  /netmask@2.0.2:
    resolution: {integrity: sha512-dBpDMdxv9Irdq66304OLfEmQ9tbNRFnFTuZiLo+bD+r332bBmMJ8GBLXklIXXgxd3+v9+KUnZaUR5PJMa75Gsg==}
    engines: {node: '>= 0.4.0'}
    dev: false

  /node-fetch@2.7.0:
    resolution: {integrity: sha512-c4FRfUm/dbcWZ7U+1Wq0AwCyFL+3nt2bEw05wfxSz+DWpWsitgmSgYmy2dQdWyKC1694ELPqMs/YzUSNozLt8A==}
    engines: {node: 4.x || >=6.0.0}
    peerDependencies:
      encoding: ^0.1.0
    peerDependenciesMeta:
      encoding:
        optional: true
    dependencies:
      whatwg-url: 5.0.0
    dev: false

  /normalize-url@6.1.0:
    resolution: {integrity: sha512-DlL+XwOy3NxAQ8xuC0okPgK46iuVNAK01YN7RueYBqqFeGsBjV9XmCAzAdgt+667bCl5kPh9EqKKDwnaPG1I7A==}
    engines: {node: '>=10'}
    dev: false

  /object-inspect@1.13.3:
    resolution: {integrity: sha512-kDCGIbxkDSXE3euJZZXzc6to7fCrKHNI/hSRQnRuQ+BWjFNzZwiFF8fj/6o2t2G9/jTj8PSIYTfCLelLZEeRpA==}
    engines: {node: '>= 0.4'}
    dev: false

  /once@1.4.0:
    resolution: {integrity: sha512-lNaJgI+2Q5URQBkccEKHTQOPaXdUxnZZElQTZY0MFUAuaEqe1E+Nyvgdz/aIyNi6Z9MzO5dv1H8n58/GELp3+w==}
    dependencies:
      wrappy: 1.0.2

  /optionator@0.8.3:
    resolution: {integrity: sha512-+IW9pACdk3XWmmTXG8m3upGUJst5XRGzxMRjXzAuJ1XnIFNvfhjjIuYkDvysnPQ7qzqVzLt78BCruntqRhWQbA==}
    engines: {node: '>= 0.8.0'}
    dependencies:
      deep-is: 0.1.4
      fast-levenshtein: 2.0.6
      levn: 0.3.0
      prelude-ls: 1.1.2
      type-check: 0.3.2
      word-wrap: 1.2.5
    dev: false

  /p-cancelable@2.1.1:
    resolution: {integrity: sha512-BZOr3nRQHOntUjTrH8+Lh54smKHoHyur8We1V8DSMVrl5A2malOOwuJRnKRDjSnkoeBh4at6BwEnb5I7Jl31wg==}
    engines: {node: '>=8'}
    dev: false

  /pac-proxy-agent@5.0.0:
    resolution: {integrity: sha512-CcFG3ZtnxO8McDigozwE3AqAw15zDvGH+OjXO4kzf7IkEKkQ4gxQ+3sdF50WmhQ4P/bVusXcqNE2S3XrNURwzQ==}
    engines: {node: '>= 8'}
    dependencies:
      '@tootallnate/once': 1.1.2
      agent-base: 6.0.2
      debug: 4.4.0
      get-uri: 3.0.2
      http-proxy-agent: 4.0.1
      https-proxy-agent: 5.0.1
      pac-resolver: 5.0.1
      raw-body: 2.5.2
      socks-proxy-agent: 5.0.1
    transitivePeerDependencies:
      - supports-color
    dev: false

  /pac-resolver@5.0.1:
    resolution: {integrity: sha512-cy7u00ko2KVgBAjuhevqpPeHIkCIqPe1v24cydhWjmeuzaBfmUWFCZJ1iAh5TuVzVZoUzXIW7K8sMYOZ84uZ9Q==}
    engines: {node: '>= 8'}
    dependencies:
      degenerator: 3.0.4
      ip: 1.1.9
      netmask: 2.0.2
    dev: false

  /path-is-absolute@1.0.1:
    resolution: {integrity: sha512-AVbw3UJ2e9bq64vSaS9Am0fje1Pa8pbGqTTsmXfaIiMpnr5DlDhfJOuLj9Sf95ZPVDAUerDfEk88MPmPe7UCQg==}
    engines: {node: '>=0.10.0'}
    dev: true

  /prelude-ls@1.1.2:
    resolution: {integrity: sha512-ESF23V4SKG6lVSGZgYNpbsiaAkdab6ZgOxe52p7+Kid3W3u3bxR4Vfd/o21dmN7jSt0IwgZ4v5MUd26FEtXE9w==}
    engines: {node: '>= 0.8.0'}
    dev: false

  /proxy-agent@5.0.0:
    resolution: {integrity: sha512-gkH7BkvLVkSfX9Dk27W6TyNOWWZWRilRfk1XxGNWOYJ2TuedAv1yFpCaU9QSBmBe716XOTNpYNOzhysyw8xn7g==}
    engines: {node: '>= 8'}
    dependencies:
      agent-base: 6.0.2
      debug: 4.4.0
      http-proxy-agent: 4.0.1
      https-proxy-agent: 5.0.1
      lru-cache: 5.1.1
      pac-proxy-agent: 5.0.0
      proxy-from-env: 1.1.0
      socks-proxy-agent: 5.0.1
    transitivePeerDependencies:
      - supports-color
    dev: false

  /proxy-from-env@1.1.0:
    resolution: {integrity: sha512-D+zkORCbA9f1tdWRK0RaCR3GPv50cMxcrz4X8k5LTSUD1Dkw47mKJEZQNunItRTkWwgtaUSo1RVFRIG9ZXiFYg==}
    dev: false

  /pump@3.0.2:
    resolution: {integrity: sha512-tUPXtzlGM8FE3P0ZL6DVs/3P58k9nk8/jZeQCurTJylQA8qFYzHFfhBJkuqyE0FifOsQ0uKWekiZ5g8wtr28cw==}
    dependencies:
      end-of-stream: 1.4.4
      once: 1.4.0
    dev: false

  /qs@6.13.1:
    resolution: {integrity: sha512-EJPeIn0CYrGu+hli1xilKAPXODtJ12T0sP63Ijx2/khC2JtuaN3JyNIpvmnkmaEtha9ocbG4A4cMcr+TvqvwQg==}
    engines: {node: '>=0.6'}
    dependencies:
      side-channel: 1.0.6
    dev: false

  /quick-lru@5.1.1:
    resolution: {integrity: sha512-WuyALRjWPDGtt/wzJiadO5AXY+8hZ80hVpe6MyivgraREW751X3SbhRvG3eLKOYN+8VEvqLcf3wdnt44Z4S4SA==}
    engines: {node: '>=10'}
    dev: false

  /raw-body@2.5.2:
    resolution: {integrity: sha512-8zGqypfENjCIqGhgXToC8aB2r7YrBX+AQAfIPs/Mlk+BtPTztOvTS01NRW/3Eh60J+a48lt8qsCzirQ6loCVfA==}
    engines: {node: '>= 0.8'}
    dependencies:
      bytes: 3.1.2
      http-errors: 2.0.0
      iconv-lite: 0.4.24
      unpipe: 1.0.0
    dev: false

  /readable-stream@1.1.14:
    resolution: {integrity: sha512-+MeVjFf4L44XUkhM1eYbD8fyEsxcV81pqMSR5gblfcLCHfZvbrqy4/qYHE+/R5HoBUT11WV5O08Cr1n3YXkWVQ==}
    dependencies:
      core-util-is: 1.0.3
      inherits: 2.0.4
      isarray: 0.0.1
      string_decoder: 0.10.31
    dev: false

  /resolve-alpn@1.2.1:
    resolution: {integrity: sha512-0a1F4l73/ZFZOakJnQ3FvkJ2+gSTQWz/r2KE5OdDY0TxPm5h4GkqkWWfM47T7HsbnOtcJVEF4epCVy6u7Q3K+g==}
    dev: false

  /responselike@2.0.1:
    resolution: {integrity: sha512-4gl03wn3hj1HP3yzgdI7d3lCkF95F21Pz4BPGvKHinyQzALR5CapwC8yIi0Rh58DEMQ/SguC03wFj2k0M/mHhw==}
    dependencies:
      lowercase-keys: 2.0.0
    dev: false

  /rimraf@3.0.2:
    resolution: {integrity: sha512-JZkJMZkAGFFPP2YqXZXPbMlMBgsxzE8ILs4lMIX/2o0L9UBw9O/Y3o6wFw/i9YLapcUJWwqbi3kdxIPdC62TIA==}
    deprecated: Rimraf versions prior to v4 are no longer supported
    hasBin: true
    dependencies:
      glob: 7.2.3
    dev: true

  /safer-buffer@2.1.2:
    resolution: {integrity: sha512-YZo3K82SD7Riyi0E1EQPojLz7kpepnSQI9IyPbHHg1XXXevb5dJI7tpyN2ADxGcQbHG7vcyRHk0cbwqcQriUtg==}
    dev: false

  /sax@1.4.1:
    resolution: {integrity: sha512-+aWOz7yVScEGoKNd4PA10LZ8sk0A/z5+nXQG5giUO5rprX9jgYsTdov9qCchZiPIZezbZH+jRut8nPodFAX4Jg==}
    dev: false

  /set-function-length@1.2.2:
    resolution: {integrity: sha512-pgRc4hJ4/sNjWCSS9AmnS40x3bNMDTknHgL5UaMBTMyJnU90EgWh1Rz+MC9eFu4BuN/UwZjKQuY/1v3rM7HMfg==}
    engines: {node: '>= 0.4'}
    dependencies:
      define-data-property: 1.1.4
      es-errors: 1.3.0
      function-bind: 1.1.2
      get-intrinsic: 1.2.5
      gopd: 1.2.0
      has-property-descriptors: 1.0.2
    dev: false

  /setprototypeof@1.2.0:
    resolution: {integrity: sha512-E5LDX7Wrp85Kil5bhZv46j8jOeboKq5JMmYM3gVGdGH8xFpPWXUMsNrlODCrkoxMEeNi/XZIwuRvY4XNwYMJpw==}
    dev: false

  /side-channel@1.0.6:
    resolution: {integrity: sha512-fDW/EZ6Q9RiO8eFG8Hj+7u/oW+XrPTIChwCOM2+th2A6OblDtYYIpve9m+KvI9Z4C9qSEXlaGR6bTEYHReuglA==}
    engines: {node: '>= 0.4'}
    dependencies:
      call-bind: 1.0.8
      es-errors: 1.3.0
      get-intrinsic: 1.2.5
      object-inspect: 1.13.3
    dev: false

  /sm3@1.0.3:
    resolution: {integrity: sha512-KyFkIfr8QBlFG3uc3NaljaXdYcsbRy1KrSfc4tsQV8jW68jAktGeOcifu530Vx/5LC+PULHT0Rv8LiI8Gw+c1g==}
    dev: false

  /smart-buffer@4.2.0:
    resolution: {integrity: sha512-94hK0Hh8rPqQl2xXc3HsaBoOXKV20MToPkcXvwbISWLEs+64sBq5kFgn2kJDHb1Pry9yrP0dxrCI9RRci7RXKg==}
    engines: {node: '>= 6.0.0', npm: '>= 3.0.0'}
    dev: false

  /socks-proxy-agent@5.0.1:
    resolution: {integrity: sha512-vZdmnjb9a2Tz6WEQVIurybSwElwPxMZaIc7PzqbJTrezcKNznv6giT7J7tZDZ1BojVaa1jvO/UiUdhDVB0ACoQ==}
    engines: {node: '>= 6'}
    dependencies:
      agent-base: 6.0.2
      debug: 4.4.0
      socks: 2.8.3
    transitivePeerDependencies:
      - supports-color
    dev: false

  /socks@2.8.3:
    resolution: {integrity: sha512-l5x7VUUWbjVFbafGLxPWkYsHIhEvmF85tbIeFZWc8ZPtoMyybuEhL7Jye/ooC4/d48FgOjSJXgsF/AJPYCW8Zw==}
    engines: {node: '>= 10.0.0', npm: '>= 3.0.0'}
    dependencies:
      ip-address: 9.0.5
      smart-buffer: 4.2.0
    dev: false

  /source-map@0.6.1:
    resolution: {integrity: sha512-UjgapumWlbMhkBgzT7Ykc5YXUT46F0iKu8SGXq0bcwP5dz/h0Plj6enJqjz1Zbq2l5WaqYnrVbwWOWMyF3F47g==}
    engines: {node: '>=0.10.0'}
    requiresBuild: true
    dev: false
    optional: true

  /sprintf-js@1.1.3:
    resolution: {integrity: sha512-Oo+0REFV59/rz3gfJNKQiBlwfHaSESl1pcGyABQsnnIfWOFt6JNj5gCog2U6MLZ//IGYD+nA8nI+mTShREReaA==}
    dev: false

  /statuses@2.0.1:
    resolution: {integrity: sha512-RwNA9Z/7PrK06rYLIzFMlaF+l73iwpzsqRIFgbMLbTcLD6cOao82TaWefPXQvB2fOC4AjuYSEndS7N/mTCbkdQ==}
    engines: {node: '>= 0.8'}
    dev: false

  /string_decoder@0.10.31:
    resolution: {integrity: sha512-ev2QzSzWPYmy9GuqfIVildA4OdcGLeFZQrq5ys6RtiuF+RQQiZWr8TZNyAcuVXyQRYfEO+MsoB/1BuQVhOJuoQ==}
    dev: false

  /toidentifier@1.0.1:
    resolution: {integrity: sha512-o5sSPKEkg/DIQNmH43V0/uerLrpzVedkUh8tGNvaeXpfpuwjKenlSox/2O/BTlZUtEe+JG7s5YhEz608PlAHRA==}
    engines: {node: '>=0.6'}
    dev: false

  /tr46@0.0.3:
    resolution: {integrity: sha512-N3WMsuqV66lT30CrXNbEjx4GEwlow3v6rr4mCcv6prnfwhS01rkgyFdjPNBYd9br7LpXV1+Emh01fHnq2Gdgrw==}
    dev: false

  /tslib@2.8.1:
    resolution: {integrity: sha512-oJFu94HQb+KVduSUQL7wnpmqnfmLsOA/nAh6b6EH0wCEoK0/mPeXU6c3wKDV83MkOuHPRHtSXKKU99IBazS/2w==}
    dev: false

  /type-check@0.3.2:
    resolution: {integrity: sha512-ZCmOJdvOWDBYJlzAoFkC+Q0+bUyEOS1ltgp1MGU03fqHG+dbi9tBFU2Rd9QKiDZFAYrhPh2JUf7rZRIuHRKtOg==}
    engines: {node: '>= 0.8.0'}
    dependencies:
      prelude-ls: 1.1.2
    dev: false

  /undici-types@6.19.8:
    resolution: {integrity: sha512-ve2KP6f/JnbPBFyobGHuerC9g1FYGn/F8n1LWTwNxCEzd6IfqTwUQcNXgEtmmQ6DlRrC1hrSrBnCZPokRrDHjw==}
    dev: false

  /undici-types@6.20.0:
    resolution: {integrity: sha512-Ny6QZ2Nju20vw1SRHe3d9jVu6gJ+4e3+MMpqu7pqE5HT6WsTSlce++GQmK5UXS8mzV8DSYHrQH+Xrf2jVcuKNg==}
    dev: false

  /universalify@0.1.2:
    resolution: {integrity: sha512-rBJeI5CXAlmy1pV+617WB9J63U6XcazHHF2f2dbJix4XzpUF0RS3Zbj0FGIOCAva5P/d/GBOYaACQ1w+0azUkg==}
    engines: {node: '>= 4.0.0'}
    dev: false

  /unpipe@1.0.0:
    resolution: {integrity: sha512-pjy2bYhSsufwWlKwPc+l3cN7+wuJlK6uz0YdJEOlQDbl6jo/YlPi4mb8agUkVC8BF7V8NuzeyPNqRksA3hztKQ==}
    engines: {node: '>= 0.8'}
    dev: false

  /uuid@3.4.0:
    resolution: {integrity: sha512-HjSDRw6gZE5JMggctHBcjVak08+KEVhSIiDzFnT9S9aegmp85S/bReBVTb4QTFaRNptJ9kuYaNhnbNEOkbKb/A==}
    deprecated: Please upgrade  to version 7 or higher.  Older versions may use Math.random() in certain circumstances, which is known to be problematic.  See https://v8.dev/blog/math-random for details.
    hasBin: true
    dev: false

  /vm2@3.9.19:
    resolution: {integrity: sha512-J637XF0DHDMV57R6JyVsTak7nIL8gy5KH4r1HiwWLf/4GBbb5MKL5y7LpmF4A8E2nR6XmzpmMFQ7V7ppPTmUQg==}
    engines: {node: '>=6.0'}
    deprecated: The library contains critical security issues and should not be used for production! The maintenance of the project has been discontinued. Consider migrating your code to isolated-vm.
    hasBin: true
    dependencies:
      acorn: 8.14.0
      acorn-walk: 8.3.4
    dev: false

  /webidl-conversions@3.0.1:
    resolution: {integrity: sha512-2JAn3z8AR6rjK8Sm8orRC0h/bcl/DqL7tRPdGZ4I1CjdF+EaMLmYxBHyXuKL849eucPFhvBoxMsflfOb8kxaeQ==}
    dev: false

  /whatwg-url@5.0.0:
    resolution: {integrity: sha512-saE57nupxk6v3HY35+jzBwYa0rKSy0XR8JSxZPwgLr7ys0IBzhGviA1/TUGJLmSVqs8pb9AnvICXEuOHLprYTw==}
    dependencies:
      tr46: 0.0.3
      webidl-conversions: 3.0.1
    dev: false

  /word-wrap@1.2.5:
    resolution: {integrity: sha512-BN22B5eaMMI9UMtjrGd5g5eCYPpCPDUy0FJXbYsaT5zYxjFOckS53SQDE3pWkVoWpHXVb3BrYcEN4Twa55B5cA==}
    engines: {node: '>=0.10.0'}
    dev: false

  /wrappy@1.0.2:
    resolution: {integrity: sha512-l4Sp/DRseor9wL6EvV2+TuQn63dMkPjZ/sp9XkghTEbV9KlPS1xUsZ3u7/IQO4wxtcFB4bgpQPRcR3QCvezPcQ==}

  /xml2js@0.4.23:
    resolution: {integrity: sha512-ySPiMjM0+pLDftHgXY4By0uswI3SPKLDw/i3UXbnO8M/p28zqexCUoPmQFrYD+/1BzhGJSs2i1ERWKJAtiLrug==}
    engines: {node: '>=4.0.0'}
    dependencies:
      sax: 1.4.1
      xmlbuilder: 11.0.1
    dev: false

  /xml2js@0.6.2:
    resolution: {integrity: sha512-T4rieHaC1EXcES0Kxxj4JWgaUQHDk+qwHcYOCFHfiwKz7tOVPLq7Hjq9dM1WCMhylqMEfP7hMcOIChvotiZegA==}
    engines: {node: '>=4.0.0'}
    dependencies:
      sax: 1.4.1
      xmlbuilder: 11.0.1
    dev: false

  /xmlbuilder@11.0.1:
    resolution: {integrity: sha512-fDlsI/kFEx7gLvbecc0/ohLG50fugQp8ryHzMTuW9vSa1GJ0XYWKnhsUx7oie3G98+r56aTQIUB4kht42R3JvA==}
    engines: {node: '>=4.0'}
    dev: false

  /xregexp@2.0.0:
    resolution: {integrity: sha512-xl/50/Cf32VsGq/1R8jJE5ajH1yMCQkpmoS10QbFZWl2Oor4H0Me64Pu2yxvsRWK3m6soJbmGfzSR7BYmDcWAA==}
    dev: false

  /yallist@3.1.1:
    resolution: {integrity: sha512-a4UGQaWPH59mOXUYnAG2ewncQS4i4F43Tv3JoAM+s2VDAmS9NsK8GpDMLrCHPksFT7h3K6TOoUNn2pb7RoXx4g==}
    dev: false
